
Microsoft Visual Studio Solution File, Format Version 12.00
# Visual Studio Version 17
VisualStudioVersion = 17.10.35027.167
MinimumVisualStudioVersion = 10.0.40219.1
Project("{FAE04EC0-301F-11D3-BF4B-00C04F79EFBC}") = "KimMilyonerOlmakIster", "KimMilyonerOlmakIster\KimMilyonerOlmakIster.csproj", "{4CF6D9FF-382C-4F3B-BF4D-884FAD9D5FA2}"
EndProject
Global
	GlobalSection(SolutionConfigurationPlatforms) = preSolution
		Debug|Any CPU = Debug|Any CPU
		Release|Any CPU = Release|Any CPU
	EndGlobalSection
	GlobalSection(ProjectConfigurationPlatforms) = postSolution
		{4CF6D9FF-382C-4F3B-BF4D-884FAD9D5FA2}.Debug|Any CPU.ActiveCfg = Debug|Any CPU
		{4CF6D9FF-382C-4F3B-BF4D-884FAD9D5FA2}.Debug|Any CPU.Build.0 = Debug|Any CPU
		{4CF6D9FF-382C-4F3B-BF4D-884FAD9D5FA2}.Release|Any CPU.ActiveCfg = Release|Any CPU
		{4CF6D9FF-382C-4F3B-BF4D-884FAD9D5FA2}.Release|Any CPU.Build.0 = Release|Any CPU
	EndGlobalSection
	GlobalSection(SolutionProperties) = preSolution
		HideSolutionNode = FALSE
	EndGlobalSection
	GlobalSection(ExtensibilityGlobals) = postSolution
		SolutionGuid = {38EBD697-343A-4CE3-8FC9-685FD6D3BEBD}
	EndGlobalSection
EndGlobal
